
Microsoft Visual Studio Solution File, Format Version 12.00
# Visual Studio 15
VisualStudioVersion = 15.0.28307.136
MinimumVisualStudioVersion = 10.0.40219.1
Project("{FAE04EC0-301F-11D3-BF4B-00C04F79EFBC}") = "TimesheetManager", "TimesheetManager\TimesheetManager.csproj", "{FD498504-1DBC-4810-B798-C33CCF094C39}"
EndProject
Global
	GlobalSection(SolutionConfigurationPlatforms) = preSolution
		Debug|Any CPU = Debug|Any CPU
		Release|Any CPU = Release|Any CPU
	EndGlobalSection
	GlobalSection(ProjectConfigurationPlatforms) = postSolution
		{FD498504-1DBC-4810-B798-C33CCF094C39}.Debug|Any CPU.ActiveCfg = Debug|Any CPU
		{FD498504-1DBC-4810-B798-C33CCF094C39}.Debug|Any CPU.Build.0 = Debug|Any CPU
		{FD498504-1DBC-4810-B798-C33CCF094C39}.Release|Any CPU.ActiveCfg = Release|Any CPU
		{FD498504-1DBC-4810-B798-C33CCF094C39}.Release|Any CPU.Build.0 = Release|Any CPU
	EndGlobalSection
	GlobalSection(SolutionProperties) = preSolution
		HideSolutionNode = FALSE
	EndGlobalSection
	GlobalSection(ExtensibilityGlobals) = postSolution
		SolutionGuid = {CE29D18F-F3D5-4C38-81C1-2184B8FDD991}
	EndGlobalSection
EndGlobal
